// !$*UTF8*$!
{
	archiveVersion = 1;
	classes = {
	};
	objectVersion = 46;
	objects = {

/* Begin PBXBuildFile section */
		BA40DB0A1F552A5D003E33AA /* AppDelegate.swift in Sources */ = {isa = PBXBuildFile; fileRef = BA40DB091F552A5D003E33AA /* AppDelegate.swift */; };
		BA40DB0C1F552A5D003E33AA /* ViewController.swift in Sources */ = {isa = PBXBuildFile; fileRef = BA40DB0B1F552A5D003E33AA /* ViewController.swift */; };
		BA40DB0F1F552A5D003E33AA /* Main.storyboard in Resources */ = {isa = PBXBuildFile; fileRef = BA40DB0D1F552A5D003E33AA /* Main.storyboard */; };
		BA40DB111F552A5D003E33AA /* Assets.xcassets in Resources */ = {isa = PBXBuildFile; fileRef = BA40DB101F552A5D003E33AA /* Assets.xcassets */; };
		BA40DB141F552A5D003E33AA /* LaunchScreen.storyboard in Resources */ = {isa = PBXBuildFile; fileRef = BA40DB121F552A5D003E33AA /* LaunchScreen.storyboard */; };
		BA40DB1C1F552CC9003E33AA /* SlideVC.swift in Sources */ = {isa = PBXBuildFile; fileRef = BA40DB1B1F552CC9003E33AA /* SlideVC.swift */; };
/* End PBXBuildFile section */

/* Begin PBXFileReference section */
		BA40DB061F552A5D003E33AA /* slideShow.app */ = {isa = PBXFileReference; explicitFileType = wrapper.application; includeInIndex = 0; path = slideShow.app; sourceTree = BUILT_PRODUCTS_DIR; };
		BA40DB091F552A5D003E33AA /* AppDelegate.swift */ = {isa = PBXFileReference; lastKnownFileType = sourcecode.swift; path = AppDelegate.swift; sourceTree = "<group>"; };
		BA40DB0B1F552A5D003E33AA /* ViewController.swift */ = {isa = PBXFileReference; lastKnownFileType = sourcecode.swift; path = ViewController.swift; sourceTree = "<group>"; };
		BA40DB0E1F552A5D003E33AA /* Base */ = {isa = PBXFileReference; lastKnownFileType = file.storyboard; name = Base; path = Base.lproj/Main.storyboard; sourceTree = "<group>"; };
		BA40DB101F552A5D003E33AA /* Assets.xcassets */ = {isa = PBXFileReference; lastKnownFileType = folder.assetcatalog; path = Assets.xcassets; sourceTree = "<group>"; };
		BA40DB131F552A5D003E33AA /* Base */ = {isa = PBXFileReference; lastKnownFileType = file.storyboard; name = Base; path = Base.lproj/LaunchScreen.storyboard; sourceTree = "<group>"; };
		BA40DB151F552A5D003E33AA /* Info.plist */ = {isa = PBXFileReference; lastKnownFileType = text.plist.xml; path = Info.plist; sourceTree = "<group>"; };
		BA40DB1B1F552CC9003E33AA /* SlideVC.swift */ = {isa = PBXFileReference; fileEncoding = 4; lastKnownFileType = sourcecode.swift; path = SlideVC.swift; sourceTree = "<group>"; };
/* End PBXFileReference section */

/* Begin PBXFrameworksBuildPhase section */
		BA40DB031F552A5D003E33AA /* Frameworks */ = {
			isa = PBXFrameworksBuildPhase;
			buildActionMask = 2147483647;
			files = (
			);
			runOnlyForDeploymentPostprocessing = 0;
		};
/* End PBXFrameworksBuildPhase section */

/* Begin PBXGroup section */
		BA40DAFD1F552A5D003E33AA = {
			isa = PBXGroup;
			children = (
				BA40DB081F552A5D003E33AA /* slideShow */,
				BA40DB071F552A5D003E33AA /* Products */,
			);
			sourceTree = "<group>";
		};
		BA40DB071F552A5D003E33AA /* Products */ = {
			isa = PBXGroup;
			children = (
				BA40DB061F552A5D003E33AA /* slideShow.app */,
			);
			name = Products;
			sourceTree = "<group>";
		};
		BA40DB081F552A5D003E33AA /* slideShow */ = {
			isa = PBXGroup;
			children = (
				BA40DB091F552A5D003E33AA /* AppDelegate.swift */,
				BA40DB0B1F552A5D003E33AA /* ViewController.swift */,
				BA40DB0D1F552A5D003E33AA /* Main.storyboard */,
				BA40DB101F552A5D003E33AA /* Assets.xcassets */,
				BA40DB121F552A5D003E33AA /* LaunchScreen.storyboard */,
				BA40DB151F552A5D003E33AA /* Info.plist */,
				BA40DB1B1F552CC9003E33AA /* SlideVC.swift */,
			);
			path = slideShow;
			sourceTree = "<group>";
		};
/* End PBXGroup section */

/* Begin PBXNativeTarget section */
		BA40DB051F552A5D003E33AA /* slideShow */ = {
			isa = PBXNativeTarget;
			buildConfigurationList = BA40DB181F552A5D003E33AA /* Build configuration list for PBXNativeTarget "slideShow" */;
			buildPhases = (
				BA40DB021F552A5D003E33AA /* Sources */,
				BA40DB031F552A5D003E33AA /* Frameworks */,
				BA40DB041F552A5D003E33AA /* Resources */,
			);
			buildRules = (
			);
			dependencies = (
			);
			name = slideShow;
			productName = slideShow;
			productReference = BA40DB061F552A5D003E33AA /* slideShow.app */;
			productType = "com.apple.product-type.application";
		};
/* End PBXNativeTarget section */

/* Begin PBXProject section */
		BA40DAFE1F552A5D003E33AA /* Project object */ = {
			isa = PBXProject;
			attributes = {
				LastSwiftUpdateCheck = 0830;
				LastUpgradeCheck = 0830;
				ORGANIZATIONNAME = WilsinhoBuilds;
				TargetAttributes = {
					BA40DB051F552A5D003E33AA = {
						CreatedOnToolsVersion = 8.3.3;
						DevelopmentTeam = 9VTD558T5V;
						ProvisioningStyle = Automatic;
					};
				};
			};
			buildConfigurationList = BA40DB011F552A5D003E33AA /* Build configuration list for PBXProject "slideShow" */;
			compatibilityVersion = "Xcode 3.2";
			developmentRegion = English;
			hasScannedForEncodings = 0;
			knownRegions = (
				en,
				Base,
			);
			mainGroup = BA40DAFD1F552A5D003E33AA;
			productRefGroup = BA40DB071F552A5D003E33AA /* Products */;
			projectDirPath = "";
			projectRoot = "";
			targets = (
				BA40DB051F552A5D003E33AA /* slideShow */,
			);
		};
/* End PBXProject section */

/* Begin PBXResourcesBuildPhase section */
		BA40DB041F552A5D003E33AA /* Resources */ = {
			isa = PBXResourcesBuildPhase;
			buildActionMask = 2147483647;
			files = (
				BA40DB141F552A5D003E33AA /* LaunchScreen.storyboard in Resources */,
				BA40DB111F552A5D003E33AA /* Assets.xcassets in Resources */,
				BA40DB0F1F552A5D003E33AA /* Main.storyboard in Resources */,
			);
			runOnlyForDeploymentPostprocessing = 0;
		};
/* End PBXResourcesBuildPhase section */

/* Begin PBXSourcesBuildPhase section */
		BA40DB021F552A5D003E33AA /* Sources */ = {
			isa = PBXSourcesBuildPhase;
			buildActionMask = 2147483647;
			files = (
				BA40DB1C1F552CC9003E33AA /* SlideVC.swift in Sources */,
				BA40DB0C1F552A5D003E33AA /* ViewController.swift in Sources */,
				BA40DB0A1F552A5D003E33AA /* AppDelegate.swift in Sources */,
			);
			runOnlyForDeploymentPostprocessing = 0;
		};
/* End PBXSourcesBuildPhase section */

/* Begin PBXVariantGroup section */
		BA40DB0D1F552A5D003E33AA /* Main.storyboard */ = {
			isa = PBXVariantGroup;
			children = (
				BA40DB0E1F552A5D003E33AA /* Base */,
			);
			name = Main.storyboard;
			sourceTree = "<group>";
		};
		BA40DB121F552A5D003E33AA /* LaunchScreen.storyboard */ = {
			isa = PBXVariantGroup;
			children = (
				BA40DB131F552A5D003E33AA /* Base */,
			);
			name = LaunchScreen.storyboard;
			sourceTree = "<group>";
		};
/* End PBXVariantGroup section */

/* Begin XCBuildConfiguration section */
		BA40DB161F552A5D003E33AA /* Debug */ = {
			isa = XCBuildConfiguration;
			buildSettings = {
				ALWAYS_SEARCH_USER_PATHS = NO;
				CLANG_ANALYZER_NONNULL = YES;
				CLANG_ANALYZER_NUMBER_OBJECT_CONVERSION = YES_AGGRESSIVE;
				CLANG_CXX_LANGUAGE_STANDARD = "gnu++0x";
				CLANG_CXX_LIBRARY = "libc++";
				CLANG_ENABLE_MODULES = YES;
				CLANG_ENABLE_OBJC_ARC = YES;
				CLANG_WARN_BOOL_CONVERSION = YES;
				CLANG_WARN_CONSTANT_CONVERSION = YES;
				CLANG_WARN_DIRECT_OBJC_ISA_USAGE = YES_ERROR;
				CLANG_WARN_DOCUMENTATION_COMMENTS = YES;
				CLANG_WARN_EMPTY_BODY = YES;
				CLANG_WARN_ENUM_CONVERSION = YES;
				CLANG_WARN_INFINITE_RECURSION = YES;
				CLANG_WARN_INT_CONVERSION = YES;
				CLANG_WARN_OBJC_ROOT_CLASS = YES_ERROR;
				CLANG_WARN_SUSPICIOUS_MOVE = YES;
				CLANG_WARN_UNREACHABLE_CODE = YES;
				CLANG_WARN__DUPLICATE_METHOD_MATCH = YES;
				"CODE_SIGN_IDENTITY[sdk=iphoneos*]" = "iPhone Developer";
				COPY_PHASE_STRIP = NO;
				DEBUG_INFORMATION_FORMAT = dwarf;
				ENABLE_STRICT_OBJC_MSGSEND = YES;
				ENABLE_TESTABILITY = YES;
				GCC_C_LANGUAGE_STANDARD = gnu99;
				GCC_DYNAMIC_NO_PIC = NO;
				GCC_NO_COMMON_BLOCKS = YES;
				GCC_OPTIMIZATION_LEVEL = 0;
				GCC_PREPROCESSOR_DEFINITIONS = (
					"DEBUG=1",
					"$(inherited)",
				);
				GCC_WARN_64_TO_32_BIT_CONVERSION = YES;
				GCC_WARN_ABOUT_RETURN_TYPE = YES_ERROR;
				GCC_WARN_UNDECLARED_SELECTOR = YES;
				GCC_WARN_UNINITIALIZED_AUTOS = YES_AGGRESSIVE;
				GCC_WARN_UNUSED_FUNCTION = YES;
				GCC_WARN_UNUSED_VARIABLE = YES;
				IPHONEOS_DEPLOYMENT_TARGET = 10.3;
				MTL_ENABLE_DEBUG_INFO = YES;
				ONLY_ACTIVE_ARCH = YES;
				SDKROOT = iphoneos;
				SWIFT_ACTIVE_COMPILATION_CONDITIONS = DEBUG;
				SWIFT_OPTIMIZATION_LEVEL = "-Onone";
				TARGETED_DEVICE_FAMILY = "1,2";
			};
			name = Debug;
		};
		BA40DB171F552A5D003E33AA /* Release */ = {
			isa = XCBuildConfiguration;
			buildSettings = {
				ALWAYS_SEARCH_USER_PATHS = NO;
				CLANG_ANALYZER_NONNULL = YES;
				CLANG_ANALYZER_NUMBER_OBJECT_CONVERSION = YES_AGGRESSIVE;
				CLANG_CXX_LANGUAGE_STANDARD = "gnu++0x";
				CLANG_CXX_LIBRARY = "libc++";
				CLANG_ENABLE_MODULES = YES;
				CLANG_ENABLE_OBJC_ARC = YES;
				CLANG_WARN_BOOL_CONVERSION = YES;
				CLANG_WARN_CONSTANT_CONVERSION = YES;
				CLANG_WARN_DIRECT_OBJC_ISA_USAGE = YES_ERROR;
				CLANG_WARN_DOCUMENTATION_COMMENTS = YES;
				CLANG_WARN_EMPTY_BODY = YES;
				CLANG_WARN_ENUM_CONVERSION = YES;
				CLANG_WARN_INFINITE_RECURSION = YES;
				CLANG_WARN_INT_CONVERSION = YES;
				CLANG_WARN_OBJC_ROOT_CLASS = YES_ERROR;
				CLANG_WARN_SUSPICIOUS_MOVE = YES;
				CLANG_WARN_UNREACHABLE_CODE = YES;
				CLANG_WARN__DUPLICATE_METHOD_MATCH = YES;
				"CODE_SIGN_IDENTITY[sdk=iphoneos*]" = "iPhone Developer";
				COPY_PHASE_STRIP = NO;
				DEBUG_INFORMATION_FORMAT = "dwarf-with-dsym";
				ENABLE_NS_ASSERTIONS = NO;
				ENABLE_STRICT_OBJC_MSGSEND = YES;
				GCC_C_LANGUAGE_STANDARD = gnu99;
				GCC_NO_COMMON_BLOCKS = YES;
				GCC_WARN_64_TO_32_BIT_CONVERSION = YES;
				GCC_WARN_ABOUT_RETURN_TYPE = YES_ERROR;
				GCC_WARN_UNDECLARED_SELECTOR = YES;
				GCC_WARN_UNINITIALIZED_AUTOS = YES_AGGRESSIVE;
				GCC_WARN_UNUSED_FUNCTION = YES;
				GCC_WARN_UNUSED_VARIABLE = YES;
				IPHONEOS_DEPLOYMENT_TARGET = 10.3;
				MTL_ENABLE_DEBUG_INFO = NO;
				SDKROOT = iphoneos;
				SWIFT_OPTIMIZATION_LEVEL = "-Owholemodule";
				TARGETED_DEVICE_FAMILY = "1,2";
				VALIDATE_PRODUCT = YES;
			};
			name = Release;
		};
		BA40DB191F552A5D003E33AA /* Debug */ = {
			isa = XCBuildConfiguration;
			buildSettings = {
				ASSETCATALOG_COMPILER_APPICON_NAME = AppIcon;
				DEVELOPMENT_TEAM = 9VTD558T5V;
				INFOPLIST_FILE = slideShow/Info.plist;
				LD_RUNPATH_SEARCH_PATHS = "$(inherited) @executable_path/Frameworks";
				PRODUCT_BUNDLE_IDENTIFIER = com.wilsinhobuilds.slideShow;
				PRODUCT_NAME = "$(TARGET_NAME)";
				SWIFT_VERSION = 3.0;
			};
			name = Debug;
		};
		BA40DB1A1F552A5D003E33AA /* Release */ = {
			isa = XCBuildConfiguration;
			buildSettings = {
				ASSETCATALOG_COMPILER_APPICON_NAME = AppIcon;
				DEVELOPMENT_TEAM = 9VTD558T5V;
				INFOPLIST_FILE = slideShow/Info.plist;
				LD_RUNPATH_SEARCH_PATHS = "$(inherited) @executable_path/Frameworks";
				PRODUCT_BUNDLE_IDENTIFIER = com.wilsinhobuilds.slideShow;
				PRODUCT_NAME = "$(TARGET_NAME)";
				SWIFT_VERSION = 3.0;
			};
			name = Release;
		};
/* End XCBuildConfiguration section */

/* Begin XCConfigurationList section */
		BA40DB011F552A5D003E33AA /* Build configuration list for PBXProject "slideShow" */ = {
			isa = XCConfigurationList;
			buildConfigurations = (
				BA40DB161F552A5D003E33AA /* Debug */,
				BA40DB171F552A5D003E33AA /* Release */,
			);
			defaultConfigurationIsVisible = 0;
			defaultConfigurationName = Release;
		};
		BA40DB181F552A5D003E33AA /* Build configuration list for PBXNativeTarget "slideShow" */ = {
			isa = XCConfigurationList;
			buildConfigurations = (
				BA40DB191F552A5D003E33AA /* Debug */,
				BA40DB1A1F552A5D003E33AA /* Release */,
			);
			defaultConfigurationIsVisible = 0;
		};
/* End XCConfigurationList section */
	};
	rootObject = BA40DAFE1F552A5D003E33AA /* Project object */;
}
